
Microsoft Visual Studio Solution File, Format Version 12.00
# Visual Studio Version 16
VisualStudioVersion = 16.0.29926.136
MinimumVisualStudioVersion = 10.0.40219.1
Project("{FAE04EC0-301F-11D3-BF4B-00C04F79EFBC}") = "IMTCalculate", "IMTCalculate\IMTCalculate.csproj", "{B953A946-CD86-4D08-8612-4EE8DAB3E5CE}"
EndProject
Global
	GlobalSection(SolutionConfigurationPlatforms) = preSolution
		Debug|Any CPU = Debug|Any CPU
		Release|Any CPU = Release|Any CPU
	EndGlobalSection
	GlobalSection(ProjectConfigurationPlatforms) = postSolution
		{B953A946-CD86-4D08-8612-4EE8DAB3E5CE}.Debug|Any CPU.ActiveCfg = Debug|Any CPU
		{B953A946-CD86-4D08-8612-4EE8DAB3E5CE}.Debug|Any CPU.Build.0 = Debug|Any CPU
		{B953A946-CD86-4D08-8612-4EE8DAB3E5CE}.Release|Any CPU.ActiveCfg = Release|Any CPU
		{B953A946-CD86-4D08-8612-4EE8DAB3E5CE}.Release|Any CPU.Build.0 = Release|Any CPU
	EndGlobalSection
	GlobalSection(SolutionProperties) = preSolution
		HideSolutionNode = FALSE
	EndGlobalSection
	GlobalSection(ExtensibilityGlobals) = postSolution
		SolutionGuid = {4541D105-9CCB-4FBC-8627-9D064B358606}
	EndGlobalSection
EndGlobal
